# This file is autogenerated, do not edit; changes may be undone by the next 'dep ensure'.


[[projects]]
  branch = "master"
  digest = "1:05431818659f24b1ad43145e3ad560e36dda6cda704d864e6379c2cf68119e5e"
  name = "gonum.org/v1/gonum"
  packages = [
    "blas",
    "blas/blas64",
    "blas/cblas128",
    "blas/gonum",
    "floats",
    "internal/asm/c128",
    "internal/asm/f32",
    "internal/asm/f64",
    "internal/math32",
    "lapack",
    "lapack/gonum",
    "lapack/lapack64",
    "mat",
  ]
  pruneopts = "UT"
  revision = "9182d211c6c2ccd921eb50e7135b39f8c6e8de5a"

[solve-meta]
  analyzer-name = "dep"
  analyzer-version = 1
  input-imports = ["gonum.org/v1/gonum/mat"]
  solver-name = "gps-cdcl"
  solver-version = 1
